
Microsoft Visual Studio Solution File, Format Version 12.00
# Visual Studio Version 17
VisualStudioVersion = 17.6.33717.318
MinimumVisualStudioVersion = 10.0.40219.1
Project("{FAE04EC0-301F-11D3-BF4B-00C04F79EFBC}") = "floyds triangle", "floyds triangle\floyds triangle.csproj", "{9DD2CDBF-5C4C-49A8-ABA8-7B2DE45DBC55}"
EndProject
Global
	GlobalSection(SolutionConfigurationPlatforms) = preSolution
		Debug|Any CPU = Debug|Any CPU
		Release|Any CPU = Release|Any CPU
	EndGlobalSection
	GlobalSection(ProjectConfigurationPlatforms) = postSolution
		{9DD2CDBF-5C4C-49A8-ABA8-7B2DE45DBC55}.Debug|Any CPU.ActiveCfg = Debug|Any CPU
		{9DD2CDBF-5C4C-49A8-ABA8-7B2DE45DBC55}.Debug|Any CPU.Build.0 = Debug|Any CPU
		{9DD2CDBF-5C4C-49A8-ABA8-7B2DE45DBC55}.Release|Any CPU.ActiveCfg = Release|Any CPU
		{9DD2CDBF-5C4C-49A8-ABA8-7B2DE45DBC55}.Release|Any CPU.Build.0 = Release|Any CPU
	EndGlobalSection
	GlobalSection(SolutionProperties) = preSolution
		HideSolutionNode = FALSE
	EndGlobalSection
	GlobalSection(ExtensibilityGlobals) = postSolution
		SolutionGuid = {94AFAB44-3A00-459C-ACB0-975B533A7737}
	EndGlobalSection
EndGlobal
